{
  "version": 4,
  "terraform_version": "0.12.20",
  "serial": 1,
  "lineage": "2d6f8892-682c-65bd-e756-8ca2cf3a1abf",
  "outputs": {},
  "resources": [
    {
      "mode": "managed",
      "type": "aws_instance",
      "name": "rke_master",
      "provider": "provider.aws",
      "instances": [
        {
          "schema_version": 1,
          "attributes": {
            "ami": "ami-0b418580298265d5c",
            "arn": "arn:aws:ec2:eu-central-1:757406278445:instance/i-06fa76840078fe919",
            "associate_public_ip_address": true,
            "availability_zone": "eu-central-1b",
            "cpu_core_count": 4,
            "cpu_threads_per_core": 1,
            "credit_specification": [
              {
                "cpu_credits": "standard"
              }
            ],
            "disable_api_termination": false,
            "ebs_block_device": [],
            "ebs_optimized": false,
            "ephemeral_block_device": [],
            "get_password_data": false,
            "host_id": null,
            "iam_instance_profile": "",
            "id": "i-06fa76840078fe919",
            "instance_initiated_shutdown_behavior": null,
            "instance_state": "running",
            "instance_type": "t2.xlarge",
            "ipv6_address_count": 0,
            "ipv6_addresses": [],
            "key_name": "mbh",
            "monitoring": false,
            "network_interface": [],
            "network_interface_id": null,
            "password_data": "",
            "placement_group": "",
            "primary_network_interface_id": "eni-05d36864766c6c7f2",
            "private_dns": "ip-172-31-47-202.eu-central-1.compute.internal",
            "private_ip": "172.31.47.202",
            "public_dns": "ec2-35-159-1-201.eu-central-1.compute.amazonaws.com",
            "public_ip": "35.159.1.201",
            "root_block_device": [
              {
                "delete_on_termination": true,
                "encrypted": false,
                "iops": 100,
                "kms_key_id": "",
                "volume_id": "vol-0315aaba41dfa0a7a",
                "volume_size": 25,
                "volume_type": "gp2"
              }
            ],
            "security_groups": [
              "SSH from the world"
            ],
            "source_dest_check": true,
            "subnet_id": "subnet-00054e7d",
            "tags": {
              "Email": "mohamed.belgaied-hassine@rancher.com",
              "Name": "RampUp_RKE01",
              "Owner": "mhassine"
            },
            "tenancy": "default",
            "timeouts": {
              "create": null,
              "delete": null,
              "update": null
            },
            "user_data": null,
            "user_data_base64": null,
            "volume_tags": {
              "Email": "mohamed.belgaied-hassine@rancher.com",
              "Name": "RampUp_RKE01",
              "Owner": "mhassine"
            },
            "vpc_security_group_ids": [
              "sg-06e947054061ee326"
            ]
          },
          "private": "eyJlMmJmYjczMC1lY2FhLTExZTYtOGY4OC0zNDM2M2JjN2M0YzAiOnsiY3JlYXRlIjo2MDAwMDAwMDAwMDAsImRlbGV0ZSI6MTIwMDAwMDAwMDAwMCwidXBkYXRlIjo2MDAwMDAwMDAwMDB9LCJzY2hlbWFfdmVyc2lvbiI6IjEifQ=="
        }
      ]
    }
  ]
}
